{
  "name": "sunrise-alarm",
  "version": "1.0.0",
  "lockfileVersion": 2,
  "requires": true,
  "packages": {
    "": {
      "name": "sunrise-alarm",
      "version": "1.0.0",
      "dependencies": {
        "@eonasdan/tempus-dominus": "^6.7.13",
        "@popperjs/core": "^2.11.8",
        "bootstrap": "^5.3.1",
        "bootstrap-icons": "^1.10.5",
        "luxon": "^3.4.2",
        "simple-keyboard": "^3.7.4"
      }
    },
    "node_modules/@eonasdan/tempus-dominus": {
      "version": "6.7.13",
      "resolved": "https://registry.npmjs.org/@eonasdan/tempus-dominus/-/tempus-dominus-6.7.13.tgz",
      "integrity": "sha512-1saI7S0WM6jVE+799KjwsVwcDgrde4SUwmR9AofWGi+yq6w4j6TfVCF9rss+pMXTjSnApY17Nd70260pdm3LTA==",
      "funding": {
        "url": "https://ko-fi.com/eonasdan"
      },
      "peerDependencies": {
        "@popperjs/core": "^2.11.6"
      },
      "peerDependenciesMeta": {
        "@popperjs/core\"": {
          "optional": true
        }
      }
    },
    "node_modules/@popperjs/core": {
      "version": "2.11.8",
      "resolved": "https://registry.npmjs.org/@popperjs/core/-/core-2.11.8.tgz",
      "integrity": "sha512-P1st0aksCrn9sGZhp8GMYwBnQsbvAWsZAX44oXNNvLHGqAOcoVxmjZiohstwQ7SqKnbR47akdNi+uleWD8+g6A==",
      "funding": {
        "type": "opencollective",
        "url": "https://opencollective.com/popperjs"
      }
    },
    "node_modules/bootstrap": {
      "version": "5.3.1",
      "resolved": "https://registry.npmjs.org/bootstrap/-/bootstrap-5.3.1.tgz",
      "integrity": "sha512-jzwza3Yagduci2x0rr9MeFSORjcHpt0lRZukZPZQJT1Dth5qzV7XcgGqYzi39KGAVYR8QEDVoO0ubFKOxzMG+g==",
      "funding": [
        {
          "type": "github",
          "url": "https://github.com/sponsors/twbs"
        },
        {
          "type": "opencollective",
          "url": "https://opencollective.com/bootstrap"
        }
      ],
      "peerDependencies": {
        "@popperjs/core": "^2.11.8"
      }
    },
    "node_modules/bootstrap-icons": {
      "version": "1.10.5",
      "resolved": "https://registry.npmjs.org/bootstrap-icons/-/bootstrap-icons-1.10.5.tgz",
      "integrity": "sha512-oSX26F37V7QV7NCE53PPEL45d7EGXmBgHG3pDpZvcRaKVzWMqIRL9wcqJUyEha1esFtM3NJzvmxFXDxjJYD0jQ==",
      "funding": [
        {
          "type": "github",
          "url": "https://github.com/sponsors/twbs"
        },
        {
          "type": "opencollective",
          "url": "https://opencollective.com/bootstrap"
        }
      ]
    },
    "node_modules/luxon": {
      "version": "3.4.2",
      "resolved": "https://registry.npmjs.org/luxon/-/luxon-3.4.2.tgz",
      "integrity": "sha512-uBoAVCVcajsrqy3pv7eo5jEUz1oeLmCcnMv8n4AJpT5hbpN9lUssAXibNElpbLce3Mhm9dyBzwYLs9zctM/0tA==",
      "engines": {
        "node": ">=12"
      }
    },
    "node_modules/simple-keyboard": {
      "version": "3.7.4",
      "resolved": "https://registry.npmjs.org/simple-keyboard/-/simple-keyboard-3.7.4.tgz",
      "integrity": "sha512-guupVxPQCMj/hI0EvApzYPYyuyhIg5IMDnKniPSDBXrImyGhEZBx+l9MLhTCy45ss2TwHvMJNCaGorikTzKgww=="
    }
  },
  "dependencies": {
    "@eonasdan/tempus-dominus": {
      "version": "6.7.13",
      "resolved": "https://registry.npmjs.org/@eonasdan/tempus-dominus/-/tempus-dominus-6.7.13.tgz",
      "integrity": "sha512-1saI7S0WM6jVE+799KjwsVwcDgrde4SUwmR9AofWGi+yq6w4j6TfVCF9rss+pMXTjSnApY17Nd70260pdm3LTA==",
      "requires": {}
    },
    "@popperjs/core": {
      "version": "2.11.8",
      "resolved": "https://registry.npmjs.org/@popperjs/core/-/core-2.11.8.tgz",
      "integrity": "sha512-P1st0aksCrn9sGZhp8GMYwBnQsbvAWsZAX44oXNNvLHGqAOcoVxmjZiohstwQ7SqKnbR47akdNi+uleWD8+g6A=="
    },
    "bootstrap": {
      "version": "5.3.1",
      "resolved": "https://registry.npmjs.org/bootstrap/-/bootstrap-5.3.1.tgz",
      "integrity": "sha512-jzwza3Yagduci2x0rr9MeFSORjcHpt0lRZukZPZQJT1Dth5qzV7XcgGqYzi39KGAVYR8QEDVoO0ubFKOxzMG+g==",
      "requires": {}
    },
    "bootstrap-icons": {
      "version": "1.10.5",
      "resolved": "https://registry.npmjs.org/bootstrap-icons/-/bootstrap-icons-1.10.5.tgz",
      "integrity": "sha512-oSX26F37V7QV7NCE53PPEL45d7EGXmBgHG3pDpZvcRaKVzWMqIRL9wcqJUyEha1esFtM3NJzvmxFXDxjJYD0jQ=="
    },
    "luxon": {
      "version": "3.4.2",
      "resolved": "https://registry.npmjs.org/luxon/-/luxon-3.4.2.tgz",
      "integrity": "sha512-uBoAVCVcajsrqy3pv7eo5jEUz1oeLmCcnMv8n4AJpT5hbpN9lUssAXibNElpbLce3Mhm9dyBzwYLs9zctM/0tA=="
    },
    "simple-keyboard": {
      "version": "3.7.4",
      "resolved": "https://registry.npmjs.org/simple-keyboard/-/simple-keyboard-3.7.4.tgz",
      "integrity": "sha512-guupVxPQCMj/hI0EvApzYPYyuyhIg5IMDnKniPSDBXrImyGhEZBx+l9MLhTCy45ss2TwHvMJNCaGorikTzKgww=="
    }
  }
}
